
Microsoft Visual Studio Solution File, Format Version 12.00
# Visual Studio 15
VisualStudioVersion = 15.0.28307.136
MinimumVisualStudioVersion = 10.0.40219.1
Project("{FAE04EC0-301F-11D3-BF4B-00C04F79EFBC}") = "ThreadSync", "ThreadSync\ThreadSync.csproj", "{451CC5FC-E5F4-496D-AB10-0BBBF8DF2D1A}"
EndProject
Project("{FAE04EC0-301F-11D3-BF4B-00C04F79EFBC}") = "ThreadSync2", "ThreadSync2\ThreadSync2.csproj", "{499F5595-6242-4556-912A-322D2BBE9618}"
EndProject
Global
	GlobalSection(SolutionConfigurationPlatforms) = preSolution
		Debug|Any CPU = Debug|Any CPU
		Release|Any CPU = Release|Any CPU
	EndGlobalSection
	GlobalSection(ProjectConfigurationPlatforms) = postSolution
		{451CC5FC-E5F4-496D-AB10-0BBBF8DF2D1A}.Debug|Any CPU.ActiveCfg = Debug|Any CPU
		{451CC5FC-E5F4-496D-AB10-0BBBF8DF2D1A}.Debug|Any CPU.Build.0 = Debug|Any CPU
		{451CC5FC-E5F4-496D-AB10-0BBBF8DF2D1A}.Release|Any CPU.ActiveCfg = Release|Any CPU
		{451CC5FC-E5F4-496D-AB10-0BBBF8DF2D1A}.Release|Any CPU.Build.0 = Release|Any CPU
		{499F5595-6242-4556-912A-322D2BBE9618}.Debug|Any CPU.ActiveCfg = Debug|Any CPU
		{499F5595-6242-4556-912A-322D2BBE9618}.Debug|Any CPU.Build.0 = Debug|Any CPU
		{499F5595-6242-4556-912A-322D2BBE9618}.Release|Any CPU.ActiveCfg = Release|Any CPU
		{499F5595-6242-4556-912A-322D2BBE9618}.Release|Any CPU.Build.0 = Release|Any CPU
	EndGlobalSection
	GlobalSection(SolutionProperties) = preSolution
		HideSolutionNode = FALSE
	EndGlobalSection
	GlobalSection(ExtensibilityGlobals) = postSolution
		SolutionGuid = {A41CADF2-AB2F-4716-B027-22188E8F458F}
	EndGlobalSection
EndGlobal
